
Microsoft Visual Studio Solution File, Format Version 12.00
# Visual Studio Version 17
VisualStudioVersion = 17.4.33122.133
MinimumVisualStudioVersion = 10.0.40219.1
Project("{9A19103F-16F7-4668-BE54-9A1E7A4F7556}") = "Reporters.Junit", "Reporters.Junit\Reporters.Junit.csproj", "{5ACBC570-C05D-4E68-A26C-15336112BA95}"
EndProject
Project("{9A19103F-16F7-4668-BE54-9A1E7A4F7556}") = "Reporters.Junit.Client", "Reporters.Junit.Client\Reporters.Junit.Client.csproj", "{5A7C0615-C466-4C35-B601-11C70F73F345}"
EndProject
Project("{2150E333-8FDC-42A3-9474-1A3956D46DE8}") = ".build", ".build", "{7529F3E3-E3F7-4702-BDBA-49A747D20B3A}"
	ProjectSection(SolutionItems) = preProject
		..\build\AzurePipeline.yml = ..\build\AzurePipeline.yml
	EndProjectSection
EndProject
Project("{2150E333-8FDC-42A3-9474-1A3956D46DE8}") = ".documents", ".documents", "{B3A088D2-1E04-4BBA-9DED-94AE6CB2A86D}"
	ProjectSection(SolutionItems) = preProject
		..\docs\Home.md = ..\docs\Home.md
	EndProjectSection
EndProject
Project("{2150E333-8FDC-42A3-9474-1A3956D46DE8}") = "test", "test", "{37B1C512-D284-4296-8159-9BCC45275BE8}"
	ProjectSection(SolutionItems) = preProject
		..\test\MsTest.runsettings = ..\test\MsTest.runsettings
	EndProjectSection
EndProject
Project("{2150E333-8FDC-42A3-9474-1A3956D46DE8}") = ".git", ".git", "{FD2D5BE5-3BCA-4AE8-B2B2-663CA2BCAF2F}"
	ProjectSection(SolutionItems) = preProject
		..\.gitignore = ..\.gitignore
		..\LICENSE = ..\LICENSE
		..\README.md = ..\README.md
	EndProjectSection
EndProject
Global
	GlobalSection(SolutionConfigurationPlatforms) = preSolution
		Debug|Any CPU = Debug|Any CPU
		Release|Any CPU = Release|Any CPU
	EndGlobalSection
	GlobalSection(ProjectConfigurationPlatforms) = postSolution
		{5ACBC570-C05D-4E68-A26C-15336112BA95}.Debug|Any CPU.ActiveCfg = Debug|Any CPU
		{5ACBC570-C05D-4E68-A26C-15336112BA95}.Debug|Any CPU.Build.0 = Debug|Any CPU
		{5ACBC570-C05D-4E68-A26C-15336112BA95}.Release|Any CPU.ActiveCfg = Release|Any CPU
		{5ACBC570-C05D-4E68-A26C-15336112BA95}.Release|Any CPU.Build.0 = Release|Any CPU
		{5A7C0615-C466-4C35-B601-11C70F73F345}.Debug|Any CPU.ActiveCfg = Debug|Any CPU
		{5A7C0615-C466-4C35-B601-11C70F73F345}.Debug|Any CPU.Build.0 = Debug|Any CPU
		{5A7C0615-C466-4C35-B601-11C70F73F345}.Release|Any CPU.ActiveCfg = Release|Any CPU
		{5A7C0615-C466-4C35-B601-11C70F73F345}.Release|Any CPU.Build.0 = Release|Any CPU
	EndGlobalSection
	GlobalSection(SolutionProperties) = preSolution
		HideSolutionNode = FALSE
	EndGlobalSection
	GlobalSection(ExtensibilityGlobals) = postSolution
		SolutionGuid = {3A56A4D8-4B9E-455C-B02B-75C0E6CF59B6}
	EndGlobalSection
EndGlobal
